
Microsoft Visual Studio Solution File, Format Version 12.00
# Visual Studio Version 16
VisualStudioVersion = 16.0.28922.388
MinimumVisualStudioVersion = 10.0.40219.1
Project("{2150E333-8FDC-42A3-9474-1A3956D46DE8}") = "Engine", "Engine", "{DDB4CF29-7569-482F-B8FD-5752D43BF102}"
EndProject
Project("{2150E333-8FDC-42A3-9474-1A3956D46DE8}") = "Unit Tests", "Unit Tests", "{0E807251-2D94-46D8-8929-74B1FEE833A5}"
EndProject
Project("{2150E333-8FDC-42A3-9474-1A3956D46DE8}") = "Performance", "Performance", "{33862E79-8D54-4A00-AD5A-A162B0DEEBAA}"
EndProject
Project("{2150E333-8FDC-42A3-9474-1A3956D46DE8}") = "Components", "Components", "{92F3986E-BEA6-4C1D-A70B-47557922F5AE}"
EndProject
Project("{9A19103F-16F7-4668-BE54-9A1E7A4F7556}") = "JsonGo", "Engine\JsonGo\JsonGo.csproj", "{5A357600-FAF3-40FE-AD59-5196E471041B}"
EndProject
Project("{FAE04EC0-301F-11D3-BF4B-00C04F79EFBC}") = "JsongGoWpfTest", "Performance\JsongGoWpfTest\JsongGoWpfTest.csproj", "{1A1724BF-7A96-4317-B49B-E13038522059}"
EndProject
Project("{FAE04EC0-301F-11D3-BF4B-00C04F79EFBC}") = "JsonGoConsoleTest", "Performance\JsonGoConsoleTest\JsonGoConsoleTest.csproj", "{FD0A70E3-031D-416B-B793-EA46F8545DE7}"
EndProject
Project("{9A19103F-16F7-4668-BE54-9A1E7A4F7556}") = "JsonGoCoreConsoleTest", "Performance\JsonGoCoreConsoleTest\JsonGoCoreConsoleTest.csproj", "{1E36604E-8C39-4547-A8C4-14E971054B9B}"
EndProject
Project("{9A19103F-16F7-4668-BE54-9A1E7A4F7556}") = "JsonGoPerformance", "Performance\JsonGoPerformance\JsonGoPerformance.csproj", "{1D4D6631-A362-4832-95DC-7AECE426A91C}"
EndProject
Project("{9A19103F-16F7-4668-BE54-9A1E7A4F7556}") = "JsonGoTest", "Unit Tests\JsonGoTest\JsonGoTest.csproj", "{121C2A35-DA27-4336-83B8-14327F542C39}"
EndProject
Global
	GlobalSection(SolutionConfigurationPlatforms) = preSolution
		Debug|Any CPU = Debug|Any CPU
		Release|Any CPU = Release|Any CPU
	EndGlobalSection
	GlobalSection(ProjectConfigurationPlatforms) = postSolution
		{5A357600-FAF3-40FE-AD59-5196E471041B}.Debug|Any CPU.ActiveCfg = Debug|Any CPU
		{5A357600-FAF3-40FE-AD59-5196E471041B}.Debug|Any CPU.Build.0 = Debug|Any CPU
		{5A357600-FAF3-40FE-AD59-5196E471041B}.Release|Any CPU.ActiveCfg = Release|Any CPU
		{5A357600-FAF3-40FE-AD59-5196E471041B}.Release|Any CPU.Build.0 = Release|Any CPU
		{1A1724BF-7A96-4317-B49B-E13038522059}.Debug|Any CPU.ActiveCfg = Debug|Any CPU
		{1A1724BF-7A96-4317-B49B-E13038522059}.Debug|Any CPU.Build.0 = Debug|Any CPU
		{1A1724BF-7A96-4317-B49B-E13038522059}.Release|Any CPU.ActiveCfg = Release|Any CPU
		{1A1724BF-7A96-4317-B49B-E13038522059}.Release|Any CPU.Build.0 = Release|Any CPU
		{FD0A70E3-031D-416B-B793-EA46F8545DE7}.Debug|Any CPU.ActiveCfg = Debug|Any CPU
		{FD0A70E3-031D-416B-B793-EA46F8545DE7}.Debug|Any CPU.Build.0 = Debug|Any CPU
		{FD0A70E3-031D-416B-B793-EA46F8545DE7}.Release|Any CPU.ActiveCfg = Release|Any CPU
		{FD0A70E3-031D-416B-B793-EA46F8545DE7}.Release|Any CPU.Build.0 = Release|Any CPU
		{1E36604E-8C39-4547-A8C4-14E971054B9B}.Debug|Any CPU.ActiveCfg = Debug|Any CPU
		{1E36604E-8C39-4547-A8C4-14E971054B9B}.Debug|Any CPU.Build.0 = Debug|Any CPU
		{1E36604E-8C39-4547-A8C4-14E971054B9B}.Release|Any CPU.ActiveCfg = Release|Any CPU
		{1E36604E-8C39-4547-A8C4-14E971054B9B}.Release|Any CPU.Build.0 = Release|Any CPU
		{1D4D6631-A362-4832-95DC-7AECE426A91C}.Debug|Any CPU.ActiveCfg = Debug|Any CPU
		{1D4D6631-A362-4832-95DC-7AECE426A91C}.Debug|Any CPU.Build.0 = Debug|Any CPU
		{1D4D6631-A362-4832-95DC-7AECE426A91C}.Release|Any CPU.ActiveCfg = Release|Any CPU
		{1D4D6631-A362-4832-95DC-7AECE426A91C}.Release|Any CPU.Build.0 = Release|Any CPU
		{121C2A35-DA27-4336-83B8-14327F542C39}.Debug|Any CPU.ActiveCfg = Debug|Any CPU
		{121C2A35-DA27-4336-83B8-14327F542C39}.Debug|Any CPU.Build.0 = Debug|Any CPU
		{121C2A35-DA27-4336-83B8-14327F542C39}.Release|Any CPU.ActiveCfg = Release|Any CPU
		{121C2A35-DA27-4336-83B8-14327F542C39}.Release|Any CPU.Build.0 = Release|Any CPU
	EndGlobalSection
	GlobalSection(SolutionProperties) = preSolution
		HideSolutionNode = FALSE
	EndGlobalSection
	GlobalSection(NestedProjects) = preSolution
		{5A357600-FAF3-40FE-AD59-5196E471041B} = {DDB4CF29-7569-482F-B8FD-5752D43BF102}
		{1A1724BF-7A96-4317-B49B-E13038522059} = {33862E79-8D54-4A00-AD5A-A162B0DEEBAA}
		{FD0A70E3-031D-416B-B793-EA46F8545DE7} = {33862E79-8D54-4A00-AD5A-A162B0DEEBAA}
		{1E36604E-8C39-4547-A8C4-14E971054B9B} = {33862E79-8D54-4A00-AD5A-A162B0DEEBAA}
		{1D4D6631-A362-4832-95DC-7AECE426A91C} = {33862E79-8D54-4A00-AD5A-A162B0DEEBAA}
		{121C2A35-DA27-4336-83B8-14327F542C39} = {0E807251-2D94-46D8-8929-74B1FEE833A5}
	EndGlobalSection
	GlobalSection(ExtensibilityGlobals) = postSolution
		SolutionGuid = {16D2C529-E5EC-4A0A-912D-1F3DC4CD0541}
	EndGlobalSection
EndGlobal
