
Microsoft Visual Studio Solution File, Format Version 12.00
# Visual Studio Version 16
VisualStudioVersion = 16.0.28922.388
MinimumVisualStudioVersion = 10.0.40219.1
Project("{FAE04EC0-301F-11D3-BF4B-00C04F79EFBC}") = "JsonGoConsoleTest", "JsonGoConsoleTest\JsonGoConsoleTest.csproj", "{FD0A70E3-031D-416B-B793-EA46F8545DE7}"
EndProject
Project("{9A19103F-16F7-4668-BE54-9A1E7A4F7556}") = "JsonGo", "JsonGo\JsonGo.csproj", "{171A0B7C-CB78-475A-9EC9-6DA8140DDF72}"
EndProject
Project("{9A19103F-16F7-4668-BE54-9A1E7A4F7556}") = "JsonGoCoreConsoleTest", "JsonGoCoreConsoleTest\JsonGoCoreConsoleTest.csproj", "{86C544BD-303D-4ECF-9F22-52205480B319}"
EndProject
Project("{9A19103F-16F7-4668-BE54-9A1E7A4F7556}") = "JsonGoTest", "JsonGoTest\JsonGoTest.csproj", "{22A0B21A-0077-4F88-8088-4BC2E2D634D3}"
EndProject
Project("{2150E333-8FDC-42A3-9474-1A3956D46DE8}") = "Engine", "Engine", "{DDB4CF29-7569-482F-B8FD-5752D43BF102}"
EndProject
Project("{2150E333-8FDC-42A3-9474-1A3956D46DE8}") = "Unit Tests", "Unit Tests", "{0E807251-2D94-46D8-8929-74B1FEE833A5}"
EndProject
Project("{2150E333-8FDC-42A3-9474-1A3956D46DE8}") = "Performance", "Performance", "{33862E79-8D54-4A00-AD5A-A162B0DEEBAA}"
EndProject
Project("{9A19103F-16F7-4668-BE54-9A1E7A4F7556}") = "JsonGoPerformance", "JsonGoPerformance\JsonGoPerformance.csproj", "{3E41E362-D5A4-45F1-B3DF-63540450E5E1}"
EndProject
Project("{FAE04EC0-301F-11D3-BF4B-00C04F79EFBC}") = "JsongGoWpfTest", "JsongGoWpfTest\JsongGoWpfTest.csproj", "{1A1724BF-7A96-4317-B49B-E13038522059}"
EndProject
Project("{2150E333-8FDC-42A3-9474-1A3956D46DE8}") = "Referenced Projects", "Referenced Projects", "{92F3986E-BEA6-4C1D-A70B-47557922F5AE}"
EndProject
Project("{9A19103F-16F7-4668-BE54-9A1E7A4F7556}") = "MvvmGo", "..\MvvmGo\MvvmGo\MvvmGo.csproj", "{15B02754-8DE4-4C66-BA33-5FEC4D107E96}"
EndProject
Project("{FAE04EC0-301F-11D3-BF4B-00C04F79EFBC}") = "MvvmGo.WindowsWPF", "..\MvvmGo\MvvmGo.WindowsWPF\MvvmGo.WindowsWPF.csproj", "{E0FE3FD2-24DC-4FF2-A8F2-16127510EEAD}"
EndProject
Global
	GlobalSection(SolutionConfigurationPlatforms) = preSolution
		Debug|Any CPU = Debug|Any CPU
		Release|Any CPU = Release|Any CPU
	EndGlobalSection
	GlobalSection(ProjectConfigurationPlatforms) = postSolution
		{FD0A70E3-031D-416B-B793-EA46F8545DE7}.Debug|Any CPU.ActiveCfg = Debug|Any CPU
		{FD0A70E3-031D-416B-B793-EA46F8545DE7}.Debug|Any CPU.Build.0 = Debug|Any CPU
		{FD0A70E3-031D-416B-B793-EA46F8545DE7}.Release|Any CPU.ActiveCfg = Release|Any CPU
		{FD0A70E3-031D-416B-B793-EA46F8545DE7}.Release|Any CPU.Build.0 = Release|Any CPU
		{171A0B7C-CB78-475A-9EC9-6DA8140DDF72}.Debug|Any CPU.ActiveCfg = Debug|Any CPU
		{171A0B7C-CB78-475A-9EC9-6DA8140DDF72}.Debug|Any CPU.Build.0 = Debug|Any CPU
		{171A0B7C-CB78-475A-9EC9-6DA8140DDF72}.Release|Any CPU.ActiveCfg = Release|Any CPU
		{171A0B7C-CB78-475A-9EC9-6DA8140DDF72}.Release|Any CPU.Build.0 = Release|Any CPU
		{86C544BD-303D-4ECF-9F22-52205480B319}.Debug|Any CPU.ActiveCfg = Debug|Any CPU
		{86C544BD-303D-4ECF-9F22-52205480B319}.Debug|Any CPU.Build.0 = Debug|Any CPU
		{86C544BD-303D-4ECF-9F22-52205480B319}.Release|Any CPU.ActiveCfg = Release|Any CPU
		{86C544BD-303D-4ECF-9F22-52205480B319}.Release|Any CPU.Build.0 = Release|Any CPU
		{22A0B21A-0077-4F88-8088-4BC2E2D634D3}.Debug|Any CPU.ActiveCfg = Debug|Any CPU
		{22A0B21A-0077-4F88-8088-4BC2E2D634D3}.Debug|Any CPU.Build.0 = Debug|Any CPU
		{22A0B21A-0077-4F88-8088-4BC2E2D634D3}.Release|Any CPU.ActiveCfg = Release|Any CPU
		{22A0B21A-0077-4F88-8088-4BC2E2D634D3}.Release|Any CPU.Build.0 = Release|Any CPU
		{3E41E362-D5A4-45F1-B3DF-63540450E5E1}.Debug|Any CPU.ActiveCfg = Debug|Any CPU
		{3E41E362-D5A4-45F1-B3DF-63540450E5E1}.Debug|Any CPU.Build.0 = Debug|Any CPU
		{3E41E362-D5A4-45F1-B3DF-63540450E5E1}.Release|Any CPU.ActiveCfg = Release|Any CPU
		{3E41E362-D5A4-45F1-B3DF-63540450E5E1}.Release|Any CPU.Build.0 = Release|Any CPU
		{1A1724BF-7A96-4317-B49B-E13038522059}.Debug|Any CPU.ActiveCfg = Debug|Any CPU
		{1A1724BF-7A96-4317-B49B-E13038522059}.Debug|Any CPU.Build.0 = Debug|Any CPU
		{1A1724BF-7A96-4317-B49B-E13038522059}.Release|Any CPU.ActiveCfg = Release|Any CPU
		{1A1724BF-7A96-4317-B49B-E13038522059}.Release|Any CPU.Build.0 = Release|Any CPU
		{15B02754-8DE4-4C66-BA33-5FEC4D107E96}.Debug|Any CPU.ActiveCfg = Debug|Any CPU
		{15B02754-8DE4-4C66-BA33-5FEC4D107E96}.Debug|Any CPU.Build.0 = Debug|Any CPU
		{15B02754-8DE4-4C66-BA33-5FEC4D107E96}.Release|Any CPU.ActiveCfg = Release|Any CPU
		{15B02754-8DE4-4C66-BA33-5FEC4D107E96}.Release|Any CPU.Build.0 = Release|Any CPU
		{E0FE3FD2-24DC-4FF2-A8F2-16127510EEAD}.Debug|Any CPU.ActiveCfg = Debug|Any CPU
		{E0FE3FD2-24DC-4FF2-A8F2-16127510EEAD}.Debug|Any CPU.Build.0 = Debug|Any CPU
		{E0FE3FD2-24DC-4FF2-A8F2-16127510EEAD}.Release|Any CPU.ActiveCfg = Release|Any CPU
		{E0FE3FD2-24DC-4FF2-A8F2-16127510EEAD}.Release|Any CPU.Build.0 = Release|Any CPU
	EndGlobalSection
	GlobalSection(SolutionProperties) = preSolution
		HideSolutionNode = FALSE
	EndGlobalSection
	GlobalSection(NestedProjects) = preSolution
		{FD0A70E3-031D-416B-B793-EA46F8545DE7} = {33862E79-8D54-4A00-AD5A-A162B0DEEBAA}
		{171A0B7C-CB78-475A-9EC9-6DA8140DDF72} = {DDB4CF29-7569-482F-B8FD-5752D43BF102}
		{86C544BD-303D-4ECF-9F22-52205480B319} = {33862E79-8D54-4A00-AD5A-A162B0DEEBAA}
		{22A0B21A-0077-4F88-8088-4BC2E2D634D3} = {0E807251-2D94-46D8-8929-74B1FEE833A5}
		{3E41E362-D5A4-45F1-B3DF-63540450E5E1} = {33862E79-8D54-4A00-AD5A-A162B0DEEBAA}
		{1A1724BF-7A96-4317-B49B-E13038522059} = {33862E79-8D54-4A00-AD5A-A162B0DEEBAA}
		{15B02754-8DE4-4C66-BA33-5FEC4D107E96} = {92F3986E-BEA6-4C1D-A70B-47557922F5AE}
		{E0FE3FD2-24DC-4FF2-A8F2-16127510EEAD} = {92F3986E-BEA6-4C1D-A70B-47557922F5AE}
	EndGlobalSection
	GlobalSection(ExtensibilityGlobals) = postSolution
		SolutionGuid = {16D2C529-E5EC-4A0A-912D-1F3DC4CD0541}
	EndGlobalSection
EndGlobal
