
Microsoft Visual Studio Solution File, Format Version 12.00
# Visual Studio 15
VisualStudioVersion = 15.0.28010.2046
MinimumVisualStudioVersion = 10.0.40219.1
Project("{FAE04EC0-301F-11D3-BF4B-00C04F79EFBC}") = "JsonGoConsoleTest", "JsonGoConsoleTest\JsonGoConsoleTest.csproj", "{FD0A70E3-031D-416B-B793-EA46F8545DE7}"
EndProject
Project("{FAE04EC0-301F-11D3-BF4B-00C04F79EFBC}") = "JsonGo", "JsonGo\JsonGo.csproj", "{171A0B7C-CB78-475A-9EC9-6DA8140DDF72}"
EndProject
Global
	GlobalSection(SolutionConfigurationPlatforms) = preSolution
		Debug|Any CPU = Debug|Any CPU
		Release|Any CPU = Release|Any CPU
	EndGlobalSection
	GlobalSection(ProjectConfigurationPlatforms) = postSolution
		{FD0A70E3-031D-416B-B793-EA46F8545DE7}.Debug|Any CPU.ActiveCfg = Debug|Any CPU
		{FD0A70E3-031D-416B-B793-EA46F8545DE7}.Debug|Any CPU.Build.0 = Debug|Any CPU
		{FD0A70E3-031D-416B-B793-EA46F8545DE7}.Release|Any CPU.ActiveCfg = Release|Any CPU
		{FD0A70E3-031D-416B-B793-EA46F8545DE7}.Release|Any CPU.Build.0 = Release|Any CPU
		{171A0B7C-CB78-475A-9EC9-6DA8140DDF72}.Debug|Any CPU.ActiveCfg = Debug|Any CPU
		{171A0B7C-CB78-475A-9EC9-6DA8140DDF72}.Debug|Any CPU.Build.0 = Debug|Any CPU
		{171A0B7C-CB78-475A-9EC9-6DA8140DDF72}.Release|Any CPU.ActiveCfg = Release|Any CPU
		{171A0B7C-CB78-475A-9EC9-6DA8140DDF72}.Release|Any CPU.Build.0 = Release|Any CPU
	EndGlobalSection
	GlobalSection(SolutionProperties) = preSolution
		HideSolutionNode = FALSE
	EndGlobalSection
	GlobalSection(ExtensibilityGlobals) = postSolution
		SolutionGuid = {16D2C529-E5EC-4A0A-912D-1F3DC4CD0541}
	EndGlobalSection
EndGlobal
